
Microsoft Visual Studio Solution File, Format Version 12.00
# Visual Studio Version 17
VisualStudioVersion = 17.9.34622.214
MinimumVisualStudioVersion = 10.0.40219.1
Project("{FAE04EC0-301F-11D3-BF4B-00C04F79EFBC}") = "BS_SaldoNaConta", "BS_SaldoNaConta\BS_SaldoNaConta.csproj", "{50E96272-82DE-458A-B0E3-3F0E0C176724}"
EndProject
Project("{FAE04EC0-301F-11D3-BF4B-00C04F79EFBC}") = "BS_Consorcio", "BS_Consorcio\BS_Consorcio.csproj", "{11C94B86-B2C1-4BDE-BD0C-9640C210CE37}"
EndProject
Global
	GlobalSection(SolutionConfigurationPlatforms) = preSolution
		Debug|Any CPU = Debug|Any CPU
		Release|Any CPU = Release|Any CPU
	EndGlobalSection
	GlobalSection(ProjectConfigurationPlatforms) = postSolution
		{50E96272-82DE-458A-B0E3-3F0E0C176724}.Debug|Any CPU.ActiveCfg = Debug|Any CPU
		{50E96272-82DE-458A-B0E3-3F0E0C176724}.Debug|Any CPU.Build.0 = Debug|Any CPU
		{50E96272-82DE-458A-B0E3-3F0E0C176724}.Release|Any CPU.ActiveCfg = Release|Any CPU
		{50E96272-82DE-458A-B0E3-3F0E0C176724}.Release|Any CPU.Build.0 = Release|Any CPU
		{11C94B86-B2C1-4BDE-BD0C-9640C210CE37}.Debug|Any CPU.ActiveCfg = Debug|Any CPU
		{11C94B86-B2C1-4BDE-BD0C-9640C210CE37}.Debug|Any CPU.Build.0 = Debug|Any CPU
		{11C94B86-B2C1-4BDE-BD0C-9640C210CE37}.Release|Any CPU.ActiveCfg = Release|Any CPU
		{11C94B86-B2C1-4BDE-BD0C-9640C210CE37}.Release|Any CPU.Build.0 = Release|Any CPU
	EndGlobalSection
	GlobalSection(SolutionProperties) = preSolution
		HideSolutionNode = FALSE
	EndGlobalSection
	GlobalSection(ExtensibilityGlobals) = postSolution
		SolutionGuid = {99A7E131-BADF-42AF-91A8-AC26CDA96BC8}
	EndGlobalSection
EndGlobal
